
Microsoft Visual Studio Solution File, Format Version 12.00
# Visual Studio Version 16
VisualStudioVersion = 16.0.29009.5
MinimumVisualStudioVersion = 10.0.40219.1
Project("{9A19103F-16F7-4668-BE54-9A1E7A4F7556}") = "YololEmulator", "YololEmulator\YololEmulator.csproj", "{B6D47544-30A0-4606-A590-6FB8F51A620A}"
EndProject
Project("{9A19103F-16F7-4668-BE54-9A1E7A4F7556}") = "YololEmulator.Tests", "YololEmulator.Tests\YololEmulator.Tests.csproj", "{719293ED-EBF2-4B5D-BB11-21F120F0F71F}"
EndProject
Project("{9A19103F-16F7-4668-BE54-9A1E7A4F7556}") = "Yolol", "Yolol\Yolol.csproj", "{EB2F61FF-5525-4AA2-BA43-D9BD0027EE56}"
EndProject
Project("{9A19103F-16F7-4668-BE54-9A1E7A4F7556}") = "Yololc", "Yololc\Yololc.csproj", "{ABB9BAC8-66F1-46A2-BA30-529047E1D43E}"
EndProject
Project("{FAE04EC0-301F-11D3-BF4B-00C04F79EFBC}") = "Yolol.Analysis", "Yolol.Analysis\Yolol.Analysis.csproj", "{57A6D271-6356-4185-A8A9-731FB243973F}"
EndProject
Global
	GlobalSection(SolutionConfigurationPlatforms) = preSolution
		Debug|Any CPU = Debug|Any CPU
		Release|Any CPU = Release|Any CPU
	EndGlobalSection
	GlobalSection(ProjectConfigurationPlatforms) = postSolution
		{B6D47544-30A0-4606-A590-6FB8F51A620A}.Debug|Any CPU.ActiveCfg = Debug|Any CPU
		{B6D47544-30A0-4606-A590-6FB8F51A620A}.Debug|Any CPU.Build.0 = Debug|Any CPU
		{B6D47544-30A0-4606-A590-6FB8F51A620A}.Release|Any CPU.ActiveCfg = Release|Any CPU
		{B6D47544-30A0-4606-A590-6FB8F51A620A}.Release|Any CPU.Build.0 = Release|Any CPU
		{719293ED-EBF2-4B5D-BB11-21F120F0F71F}.Debug|Any CPU.ActiveCfg = Debug|Any CPU
		{719293ED-EBF2-4B5D-BB11-21F120F0F71F}.Debug|Any CPU.Build.0 = Debug|Any CPU
		{719293ED-EBF2-4B5D-BB11-21F120F0F71F}.Release|Any CPU.ActiveCfg = Release|Any CPU
		{719293ED-EBF2-4B5D-BB11-21F120F0F71F}.Release|Any CPU.Build.0 = Release|Any CPU
		{EB2F61FF-5525-4AA2-BA43-D9BD0027EE56}.Debug|Any CPU.ActiveCfg = Debug|Any CPU
		{EB2F61FF-5525-4AA2-BA43-D9BD0027EE56}.Debug|Any CPU.Build.0 = Debug|Any CPU
		{EB2F61FF-5525-4AA2-BA43-D9BD0027EE56}.Release|Any CPU.ActiveCfg = Release|Any CPU
		{EB2F61FF-5525-4AA2-BA43-D9BD0027EE56}.Release|Any CPU.Build.0 = Release|Any CPU
		{ABB9BAC8-66F1-46A2-BA30-529047E1D43E}.Debug|Any CPU.ActiveCfg = Debug|Any CPU
		{ABB9BAC8-66F1-46A2-BA30-529047E1D43E}.Debug|Any CPU.Build.0 = Debug|Any CPU
		{ABB9BAC8-66F1-46A2-BA30-529047E1D43E}.Release|Any CPU.ActiveCfg = Release|Any CPU
		{ABB9BAC8-66F1-46A2-BA30-529047E1D43E}.Release|Any CPU.Build.0 = Release|Any CPU
		{57A6D271-6356-4185-A8A9-731FB243973F}.Debug|Any CPU.ActiveCfg = Debug|Any CPU
		{57A6D271-6356-4185-A8A9-731FB243973F}.Debug|Any CPU.Build.0 = Debug|Any CPU
		{57A6D271-6356-4185-A8A9-731FB243973F}.Release|Any CPU.ActiveCfg = Release|Any CPU
		{57A6D271-6356-4185-A8A9-731FB243973F}.Release|Any CPU.Build.0 = Release|Any CPU
	EndGlobalSection
	GlobalSection(SolutionProperties) = preSolution
		HideSolutionNode = FALSE
	EndGlobalSection
	GlobalSection(ExtensibilityGlobals) = postSolution
		SolutionGuid = {33698D1C-A2BB-4B3B-B33F-0AAC59EEAD58}
	EndGlobalSection
EndGlobal
