
Microsoft Visual Studio Solution File, Format Version 12.00
# Visual Studio Version 17
VisualStudioVersion = 17.0.31912.275
MinimumVisualStudioVersion = 10.0.40219.1
Project("{9A19103F-16F7-4668-BE54-9A1E7A4F7556}") = "YololEmulator", "YololEmulator\YololEmulator.csproj", "{B6D47544-30A0-4606-A590-6FB8F51A620A}"
EndProject
Project("{9A19103F-16F7-4668-BE54-9A1E7A4F7556}") = "YololEmulator.Tests", "YololEmulator.Tests\YololEmulator.Tests.csproj", "{719293ED-EBF2-4B5D-BB11-21F120F0F71F}"
EndProject
Project("{9A19103F-16F7-4668-BE54-9A1E7A4F7556}") = "Yolol", "Yolol\Yolol.csproj", "{EB2F61FF-5525-4AA2-BA43-D9BD0027EE56}"
EndProject
Project("{9A19103F-16F7-4668-BE54-9A1E7A4F7556}") = "Yololc", "Yololc\Yololc.csproj", "{ABB9BAC8-66F1-46A2-BA30-529047E1D43E}"
EndProject
Project("{9A19103F-16F7-4668-BE54-9A1E7A4F7556}") = "Yolol.Analysis", "Yolol.Analysis\Yolol.Analysis.csproj", "{57A6D271-6356-4185-A8A9-731FB243973F}"
EndProject
Project("{9A19103F-16F7-4668-BE54-9A1E7A4F7556}") = "Yolol.Cylon", "Yolol.Cylon\Yolol.Cylon.csproj", "{63CCC02E-8E32-4F89-B9F3-4C42B1FBF13D}"
EndProject
Project("{2150E333-8FDC-42A3-9474-1A3956D46DE8}") = "Solution Items", "Solution Items", "{E5D767CB-B3B2-408F-911F-4B7BBBB2AE8C}"
	ProjectSection(SolutionItems) = preProject
		.editorconfig = .editorconfig
	EndProjectSection
EndProject
Project("{9A19103F-16F7-4668-BE54-9A1E7A4F7556}") = "YololAssembler", "YololAssembler\YololAssembler.csproj", "{77242981-D8D5-4048-ADEE-3D82E8390EE0}"
EndProject
Project("{9A19103F-16F7-4668-BE54-9A1E7A4F7556}") = "Yolol.Analysis.SAT", "Yolol.Analysis.SAT\Yolol.Analysis.SAT.csproj", "{DB04A0EE-CC23-443E-A6DF-A709F2C9FC3A}"
EndProject
Project("{FAE04EC0-301F-11D3-BF4B-00C04F79EFBC}") = "Yolol.DLL", "Yolol.DLL\Yolol.DLL.csproj", "{A0CB6A5C-FB7F-44A5-B44D-824AE0E05C50}"
EndProject
Global
	GlobalSection(SolutionConfigurationPlatforms) = preSolution
		Debug|Any CPU = Debug|Any CPU
		Debug|x64 = Debug|x64
		Release|Any CPU = Release|Any CPU
		Release|x64 = Release|x64
	EndGlobalSection
	GlobalSection(ProjectConfigurationPlatforms) = postSolution
		{B6D47544-30A0-4606-A590-6FB8F51A620A}.Debug|Any CPU.ActiveCfg = Debug|Any CPU
		{B6D47544-30A0-4606-A590-6FB8F51A620A}.Debug|Any CPU.Build.0 = Debug|Any CPU
		{B6D47544-30A0-4606-A590-6FB8F51A620A}.Debug|x64.ActiveCfg = Debug|x64
		{B6D47544-30A0-4606-A590-6FB8F51A620A}.Debug|x64.Build.0 = Debug|x64
		{B6D47544-30A0-4606-A590-6FB8F51A620A}.Release|Any CPU.ActiveCfg = Release|Any CPU
		{B6D47544-30A0-4606-A590-6FB8F51A620A}.Release|Any CPU.Build.0 = Release|Any CPU
		{B6D47544-30A0-4606-A590-6FB8F51A620A}.Release|x64.ActiveCfg = Release|x64
		{B6D47544-30A0-4606-A590-6FB8F51A620A}.Release|x64.Build.0 = Release|x64
		{719293ED-EBF2-4B5D-BB11-21F120F0F71F}.Debug|Any CPU.ActiveCfg = Debug|x64
		{719293ED-EBF2-4B5D-BB11-21F120F0F71F}.Debug|Any CPU.Build.0 = Debug|x64
		{719293ED-EBF2-4B5D-BB11-21F120F0F71F}.Debug|x64.ActiveCfg = Debug|x64
		{719293ED-EBF2-4B5D-BB11-21F120F0F71F}.Debug|x64.Build.0 = Debug|x64
		{719293ED-EBF2-4B5D-BB11-21F120F0F71F}.Release|Any CPU.ActiveCfg = Release|x64
		{719293ED-EBF2-4B5D-BB11-21F120F0F71F}.Release|Any CPU.Build.0 = Release|x64
		{719293ED-EBF2-4B5D-BB11-21F120F0F71F}.Release|x64.ActiveCfg = Release|x64
		{719293ED-EBF2-4B5D-BB11-21F120F0F71F}.Release|x64.Build.0 = Release|x64
		{EB2F61FF-5525-4AA2-BA43-D9BD0027EE56}.Debug|Any CPU.ActiveCfg = Debug|Any CPU
		{EB2F61FF-5525-4AA2-BA43-D9BD0027EE56}.Debug|Any CPU.Build.0 = Debug|Any CPU
		{EB2F61FF-5525-4AA2-BA43-D9BD0027EE56}.Debug|x64.ActiveCfg = Debug|x64
		{EB2F61FF-5525-4AA2-BA43-D9BD0027EE56}.Debug|x64.Build.0 = Debug|x64
		{EB2F61FF-5525-4AA2-BA43-D9BD0027EE56}.Release|Any CPU.ActiveCfg = Release|Any CPU
		{EB2F61FF-5525-4AA2-BA43-D9BD0027EE56}.Release|Any CPU.Build.0 = Release|Any CPU
		{EB2F61FF-5525-4AA2-BA43-D9BD0027EE56}.Release|x64.ActiveCfg = Release|x64
		{EB2F61FF-5525-4AA2-BA43-D9BD0027EE56}.Release|x64.Build.0 = Release|x64
		{ABB9BAC8-66F1-46A2-BA30-529047E1D43E}.Debug|Any CPU.ActiveCfg = Debug|Any CPU
		{ABB9BAC8-66F1-46A2-BA30-529047E1D43E}.Debug|Any CPU.Build.0 = Debug|Any CPU
		{ABB9BAC8-66F1-46A2-BA30-529047E1D43E}.Debug|x64.ActiveCfg = Debug|x64
		{ABB9BAC8-66F1-46A2-BA30-529047E1D43E}.Debug|x64.Build.0 = Debug|x64
		{ABB9BAC8-66F1-46A2-BA30-529047E1D43E}.Release|Any CPU.ActiveCfg = Release|Any CPU
		{ABB9BAC8-66F1-46A2-BA30-529047E1D43E}.Release|Any CPU.Build.0 = Release|Any CPU
		{ABB9BAC8-66F1-46A2-BA30-529047E1D43E}.Release|x64.ActiveCfg = Release|x64
		{ABB9BAC8-66F1-46A2-BA30-529047E1D43E}.Release|x64.Build.0 = Release|x64
		{57A6D271-6356-4185-A8A9-731FB243973F}.Debug|Any CPU.ActiveCfg = Debug|Any CPU
		{57A6D271-6356-4185-A8A9-731FB243973F}.Debug|Any CPU.Build.0 = Debug|Any CPU
		{57A6D271-6356-4185-A8A9-731FB243973F}.Debug|x64.ActiveCfg = Debug|x64
		{57A6D271-6356-4185-A8A9-731FB243973F}.Debug|x64.Build.0 = Debug|x64
		{57A6D271-6356-4185-A8A9-731FB243973F}.Release|Any CPU.ActiveCfg = Release|Any CPU
		{57A6D271-6356-4185-A8A9-731FB243973F}.Release|Any CPU.Build.0 = Release|Any CPU
		{57A6D271-6356-4185-A8A9-731FB243973F}.Release|x64.ActiveCfg = Release|x64
		{57A6D271-6356-4185-A8A9-731FB243973F}.Release|x64.Build.0 = Release|x64
		{63CCC02E-8E32-4F89-B9F3-4C42B1FBF13D}.Debug|Any CPU.ActiveCfg = Debug|Any CPU
		{63CCC02E-8E32-4F89-B9F3-4C42B1FBF13D}.Debug|Any CPU.Build.0 = Debug|Any CPU
		{63CCC02E-8E32-4F89-B9F3-4C42B1FBF13D}.Debug|x64.ActiveCfg = Debug|x64
		{63CCC02E-8E32-4F89-B9F3-4C42B1FBF13D}.Debug|x64.Build.0 = Debug|x64
		{63CCC02E-8E32-4F89-B9F3-4C42B1FBF13D}.Release|Any CPU.ActiveCfg = Release|Any CPU
		{63CCC02E-8E32-4F89-B9F3-4C42B1FBF13D}.Release|Any CPU.Build.0 = Release|Any CPU
		{63CCC02E-8E32-4F89-B9F3-4C42B1FBF13D}.Release|x64.ActiveCfg = Release|x64
		{63CCC02E-8E32-4F89-B9F3-4C42B1FBF13D}.Release|x64.Build.0 = Release|x64
		{77242981-D8D5-4048-ADEE-3D82E8390EE0}.Debug|Any CPU.ActiveCfg = Debug|Any CPU
		{77242981-D8D5-4048-ADEE-3D82E8390EE0}.Debug|Any CPU.Build.0 = Debug|Any CPU
		{77242981-D8D5-4048-ADEE-3D82E8390EE0}.Debug|x64.ActiveCfg = Debug|Any CPU
		{77242981-D8D5-4048-ADEE-3D82E8390EE0}.Debug|x64.Build.0 = Debug|Any CPU
		{77242981-D8D5-4048-ADEE-3D82E8390EE0}.Release|Any CPU.ActiveCfg = Release|Any CPU
		{77242981-D8D5-4048-ADEE-3D82E8390EE0}.Release|Any CPU.Build.0 = Release|Any CPU
		{77242981-D8D5-4048-ADEE-3D82E8390EE0}.Release|x64.ActiveCfg = Release|Any CPU
		{77242981-D8D5-4048-ADEE-3D82E8390EE0}.Release|x64.Build.0 = Release|Any CPU
		{DB04A0EE-CC23-443E-A6DF-A709F2C9FC3A}.Debug|Any CPU.ActiveCfg = Debug|x64
		{DB04A0EE-CC23-443E-A6DF-A709F2C9FC3A}.Debug|x64.ActiveCfg = Debug|x64
		{DB04A0EE-CC23-443E-A6DF-A709F2C9FC3A}.Debug|x64.Build.0 = Debug|x64
		{DB04A0EE-CC23-443E-A6DF-A709F2C9FC3A}.Release|Any CPU.ActiveCfg = Release|x64
		{DB04A0EE-CC23-443E-A6DF-A709F2C9FC3A}.Release|Any CPU.Build.0 = Release|x64
		{DB04A0EE-CC23-443E-A6DF-A709F2C9FC3A}.Release|x64.ActiveCfg = Release|x64
		{DB04A0EE-CC23-443E-A6DF-A709F2C9FC3A}.Release|x64.Build.0 = Release|x64
		{A0CB6A5C-FB7F-44A5-B44D-824AE0E05C50}.Debug|Any CPU.ActiveCfg = Debug|Any CPU
		{A0CB6A5C-FB7F-44A5-B44D-824AE0E05C50}.Debug|Any CPU.Build.0 = Debug|Any CPU
		{A0CB6A5C-FB7F-44A5-B44D-824AE0E05C50}.Debug|x64.ActiveCfg = Debug|Any CPU
		{A0CB6A5C-FB7F-44A5-B44D-824AE0E05C50}.Debug|x64.Build.0 = Debug|Any CPU
		{A0CB6A5C-FB7F-44A5-B44D-824AE0E05C50}.Release|Any CPU.ActiveCfg = Release|Any CPU
		{A0CB6A5C-FB7F-44A5-B44D-824AE0E05C50}.Release|Any CPU.Build.0 = Release|Any CPU
		{A0CB6A5C-FB7F-44A5-B44D-824AE0E05C50}.Release|x64.ActiveCfg = Release|Any CPU
		{A0CB6A5C-FB7F-44A5-B44D-824AE0E05C50}.Release|x64.Build.0 = Release|Any CPU
	EndGlobalSection
	GlobalSection(SolutionProperties) = preSolution
		HideSolutionNode = FALSE
	EndGlobalSection
	GlobalSection(ExtensibilityGlobals) = postSolution
		SolutionGuid = {33698D1C-A2BB-4B3B-B33F-0AAC59EEAD58}
	EndGlobalSection
EndGlobal
